// !$*UTF8*$!
{
	archiveVersion = 1;
	classes = {
	};
	objectVersion = 50;
	objects = {

/* Begin PBXBuildFile section */
		01C8B9182423AF3600C1504E /* AppDelegate.swift in Sources */ = {isa = PBXBuildFile; fileRef = 01C8B9172423AF3600C1504E /* AppDelegate.swift */; };
		01C8B91A2423AF3600C1504E /* SceneDelegate.swift in Sources */ = {isa = PBXBuildFile; fileRef = 01C8B9192423AF3600C1504E /* SceneDelegate.swift */; };
		01C8B91C2423AF3600C1504E /* ContentView.swift in Sources */ = {isa = PBXBuildFile; fileRef = 01C8B91B2423AF3600C1504E /* ContentView.swift */; };
		01C8B91E2423AF3700C1504E /* Assets.xcassets in Resources */ = {isa = PBXBuildFile; fileRef = 01C8B91D2423AF3700C1504E /* Assets.xcassets */; };
		01C8B9212423AF3700C1504E /* Preview Assets.xcassets in Resources */ = {isa = PBXBuildFile; fileRef = 01C8B9202423AF3700C1504E /* Preview Assets.xcassets */; };
		01C8B9242423AF3700C1504E /* LaunchScreen.storyboard in Resources */ = {isa = PBXBuildFile; fileRef = 01C8B9222423AF3700C1504E /* LaunchScreen.storyboard */; };
		01C8B92F2423AF3700C1504E /* QRReaderTests.swift in Sources */ = {isa = PBXBuildFile; fileRef = 01C8B92E2423AF3700C1504E /* QRReaderTests.swift */; };
		01C8B93A2423AF3700C1504E /* QRReaderUITests.swift in Sources */ = {isa = PBXBuildFile; fileRef = 01C8B9392423AF3700C1504E /* QRReaderUITests.swift */; };
/* End PBXBuildFile section */

/* Begin PBXContainerItemProxy section */
		01C8B92B2423AF3700C1504E /* PBXContainerItemProxy */ = {
			isa = PBXContainerItemProxy;
			containerPortal = 01C8B90C2423AF3500C1504E /* Project object */;
			proxyType = 1;
			remoteGlobalIDString = 01C8B9132423AF3600C1504E;
			remoteInfo = QRReader;
		};
		01C8B9362423AF3700C1504E /* PBXContainerItemProxy */ = {
			isa = PBXContainerItemProxy;
			containerPortal = 01C8B90C2423AF3500C1504E /* Project object */;
			proxyType = 1;
			remoteGlobalIDString = 01C8B9132423AF3600C1504E;
			remoteInfo = QRReader;
		};
/* End PBXContainerItemProxy section */

/* Begin PBXFileReference section */
		01C8B9142423AF3600C1504E /* QRReader.app */ = {isa = PBXFileReference; explicitFileType = wrapper.application; includeInIndex = 0; path = QRReader.app; sourceTree = BUILT_PRODUCTS_DIR; };
		01C8B9172423AF3600C1504E /* AppDelegate.swift */ = {isa = PBXFileReference; lastKnownFileType = sourcecode.swift; path = AppDelegate.swift; sourceTree = "<group>"; };
		01C8B9192423AF3600C1504E /* SceneDelegate.swift */ = {isa = PBXFileReference; lastKnownFileType = sourcecode.swift; path = SceneDelegate.swift; sourceTree = "<group>"; };
		01C8B91B2423AF3600C1504E /* ContentView.swift */ = {isa = PBXFileReference; lastKnownFileType = sourcecode.swift; path = ContentView.swift; sourceTree = "<group>"; };
		01C8B91D2423AF3700C1504E /* Assets.xcassets */ = {isa = PBXFileReference; lastKnownFileType = folder.assetcatalog; path = Assets.xcassets; sourceTree = "<group>"; };
		01C8B9202423AF3700C1504E /* Preview Assets.xcassets */ = {isa = PBXFileReference; lastKnownFileType = folder.assetcatalog; path = "Preview Assets.xcassets"; sourceTree = "<group>"; };
		01C8B9232423AF3700C1504E /* Base */ = {isa = PBXFileReference; lastKnownFileType = file.storyboard; name = Base; path = Base.lproj/LaunchScreen.storyboard; sourceTree = "<group>"; };
		01C8B9252423AF3700C1504E /* Info.plist */ = {isa = PBXFileReference; lastKnownFileType = text.plist.xml; path = Info.plist; sourceTree = "<group>"; };
		01C8B92A2423AF3700C1504E /* QRReaderTests.xctest */ = {isa = PBXFileReference; explicitFileType = wrapper.cfbundle; includeInIndex = 0; path = QRReaderTests.xctest; sourceTree = BUILT_PRODUCTS_DIR; };
		01C8B92E2423AF3700C1504E /* QRReaderTests.swift */ = {isa = PBXFileReference; lastKnownFileType = sourcecode.swift; path = QRReaderTests.swift; sourceTree = "<group>"; };
		01C8B9302423AF3700C1504E /* Info.plist */ = {isa = PBXFileReference; lastKnownFileType = text.plist.xml; path = Info.plist; sourceTree = "<group>"; };
		01C8B9352423AF3700C1504E /* QRReaderUITests.xctest */ = {isa = PBXFileReference; explicitFileType = wrapper.cfbundle; includeInIndex = 0; path = QRReaderUITests.xctest; sourceTree = BUILT_PRODUCTS_DIR; };
		01C8B9392423AF3700C1504E /* QRReaderUITests.swift */ = {isa = PBXFileReference; lastKnownFileType = sourcecode.swift; path = QRReaderUITests.swift; sourceTree = "<group>"; };
		01C8B93B2423AF3700C1504E /* Info.plist */ = {isa = PBXFileReference; lastKnownFileType = text.plist.xml; path = Info.plist; sourceTree = "<group>"; };
/* End PBXFileReference section */

/* Begin PBXFrameworksBuildPhase section */
		01C8B9112423AF3600C1504E /* Frameworks */ = {
			isa = PBXFrameworksBuildPhase;
			buildActionMask = 2147483647;
			files = (
			);
			runOnlyForDeploymentPostprocessing = 0;
		};
		01C8B9272423AF3700C1504E /* Frameworks */ = {
			isa = PBXFrameworksBuildPhase;
			buildActionMask = 2147483647;
			files = (
			);
			runOnlyForDeploymentPostprocessing = 0;
		};
		01C8B9322423AF3700C1504E /* Frameworks */ = {
			isa = PBXFrameworksBuildPhase;
			buildActionMask = 2147483647;
			files = (
			);
			runOnlyForDeploymentPostprocessing = 0;
		};
/* End PBXFrameworksBuildPhase section */

/* Begin PBXGroup section */
		01C8B90B2423AF3500C1504E = {
			isa = PBXGroup;
			children = (
				01C8B9162423AF3600C1504E /* QRReader */,
				01C8B92D2423AF3700C1504E /* QRReaderTests */,
				01C8B9382423AF3700C1504E /* QRReaderUITests */,
				01C8B9152423AF3600C1504E /* Products */,
			);
			sourceTree = "<group>";
		};
		01C8B9152423AF3600C1504E /* Products */ = {
			isa = PBXGroup;
			children = (
				01C8B9142423AF3600C1504E /* QRReader.app */,
				01C8B92A2423AF3700C1504E /* QRReaderTests.xctest */,
				01C8B9352423AF3700C1504E /* QRReaderUITests.xctest */,
			);
			name = Products;
			sourceTree = "<group>";
		};
		01C8B9162423AF3600C1504E /* QRReader */ = {
			isa = PBXGroup;
			children = (
				01C8B9172423AF3600C1504E /* AppDelegate.swift */,
				01C8B9192423AF3600C1504E /* SceneDelegate.swift */,
				01C8B91B2423AF3600C1504E /* ContentView.swift */,
				01C8B91D2423AF3700C1504E /* Assets.xcassets */,
				01C8B9222423AF3700C1504E /* LaunchScreen.storyboard */,
				01C8B9252423AF3700C1504E /* Info.plist */,
				01C8B91F2423AF3700C1504E /* Preview Content */,
			);
			path = QRReader;
			sourceTree = "<group>";
		};
		01C8B91F2423AF3700C1504E /* Preview Content */ = {
			isa = PBXGroup;
			children = (
				01C8B9202423AF3700C1504E /* Preview Assets.xcassets */,
			);
			path = "Preview Content";
			sourceTree = "<group>";
		};
		01C8B92D2423AF3700C1504E /* QRReaderTests */ = {
			isa = PBXGroup;
			children = (
				01C8B92E2423AF3700C1504E /* QRReaderTests.swift */,
				01C8B9302423AF3700C1504E /* Info.plist */,
			);
			path = QRReaderTests;
			sourceTree = "<group>";
		};
		01C8B9382423AF3700C1504E /* QRReaderUITests */ = {
			isa = PBXGroup;
			children = (
				01C8B9392423AF3700C1504E /* QRReaderUITests.swift */,
				01C8B93B2423AF3700C1504E /* Info.plist */,
			);
			path = QRReaderUITests;
			sourceTree = "<group>";
		};
/* End PBXGroup section */

/* Begin PBXNativeTarget section */
		01C8B9132423AF3600C1504E /* QRReader */ = {
			isa = PBXNativeTarget;
			buildConfigurationList = 01C8B93E2423AF3700C1504E /* Build configuration list for PBXNativeTarget "QRReader" */;
			buildPhases = (
				01C8B9102423AF3600C1504E /* Sources */,
				01C8B9112423AF3600C1504E /* Frameworks */,
				01C8B9122423AF3600C1504E /* Resources */,
			);
			buildRules = (
			);
			dependencies = (
			);
			name = QRReader;
			productName = QRReader;
			productReference = 01C8B9142423AF3600C1504E /* QRReader.app */;
			productType = "com.apple.product-type.application";
		};
		01C8B9292423AF3700C1504E /* QRReaderTests */ = {
			isa = PBXNativeTarget;
			buildConfigurationList = 01C8B9412423AF3700C1504E /* Build configuration list for PBXNativeTarget "QRReaderTests" */;
			buildPhases = (
				01C8B9262423AF3700C1504E /* Sources */,
				01C8B9272423AF3700C1504E /* Frameworks */,
				01C8B9282423AF3700C1504E /* Resources */,
			);
			buildRules = (
			);
			dependencies = (
				01C8B92C2423AF3700C1504E /* PBXTargetDependency */,
			);
			name = QRReaderTests;
			productName = QRReaderTests;
			productReference = 01C8B92A2423AF3700C1504E /* QRReaderTests.xctest */;
			productType = "com.apple.product-type.bundle.unit-test";
		};
		01C8B9342423AF3700C1504E /* QRReaderUITests */ = {
			isa = PBXNativeTarget;
			buildConfigurationList = 01C8B9442423AF3700C1504E /* Build configuration list for PBXNativeTarget "QRReaderUITests" */;
			buildPhases = (
				01C8B9312423AF3700C1504E /* Sources */,
				01C8B9322423AF3700C1504E /* Frameworks */,
				01C8B9332423AF3700C1504E /* Resources */,
			);
			buildRules = (
			);
			dependencies = (
				01C8B9372423AF3700C1504E /* PBXTargetDependency */,
			);
			name = QRReaderUITests;
			productName = QRReaderUITests;
			productReference = 01C8B9352423AF3700C1504E /* QRReaderUITests.xctest */;
			productType = "com.apple.product-type.bundle.ui-testing";
		};
/* End PBXNativeTarget section */

/* Begin PBXProject section */
		01C8B90C2423AF3500C1504E /* Project object */ = {
			isa = PBXProject;
			attributes = {
				LastSwiftUpdateCheck = 1130;
				LastUpgradeCheck = 1130;
				ORGANIZATIONNAME = "Hansub Yoo";
				TargetAttributes = {
					01C8B9132423AF3600C1504E = {
						CreatedOnToolsVersion = 11.3.1;
					};
					01C8B9292423AF3700C1504E = {
						CreatedOnToolsVersion = 11.3.1;
						TestTargetID = 01C8B9132423AF3600C1504E;
					};
					01C8B9342423AF3700C1504E = {
						CreatedOnToolsVersion = 11.3.1;
						TestTargetID = 01C8B9132423AF3600C1504E;
					};
				};
			};
			buildConfigurationList = 01C8B90F2423AF3500C1504E /* Build configuration list for PBXProject "QRReader" */;
			compatibilityVersion = "Xcode 9.3";
			developmentRegion = en;
			hasScannedForEncodings = 0;
			knownRegions = (
				en,
				Base,
			);
			mainGroup = 01C8B90B2423AF3500C1504E;
			productRefGroup = 01C8B9152423AF3600C1504E /* Products */;
			projectDirPath = "";
			projectRoot = "";
			targets = (
				01C8B9132423AF3600C1504E /* QRReader */,
				01C8B9292423AF3700C1504E /* QRReaderTests */,
				01C8B9342423AF3700C1504E /* QRReaderUITests */,
			);
		};
/* End PBXProject section */

/* Begin PBXResourcesBuildPhase section */
		01C8B9122423AF3600C1504E /* Resources */ = {
			isa = PBXResourcesBuildPhase;
			buildActionMask = 2147483647;
			files = (
				01C8B9242423AF3700C1504E /* LaunchScreen.storyboard in Resources */,
				01C8B9212423AF3700C1504E /* Preview Assets.xcassets in Resources */,
				01C8B91E2423AF3700C1504E /* Assets.xcassets in Resources */,
			);
			runOnlyForDeploymentPostprocessing = 0;
		};
		01C8B9282423AF3700C1504E /* Resources */ = {
			isa = PBXResourcesBuildPhase;
			buildActionMask = 2147483647;
			files = (
			);
			runOnlyForDeploymentPostprocessing = 0;
		};
		01C8B9332423AF3700C1504E /* Resources */ = {
			isa = PBXResourcesBuildPhase;
			buildActionMask = 2147483647;
			files = (
			);
			runOnlyForDeploymentPostprocessing = 0;
		};
/* End PBXResourcesBuildPhase section */

/* Begin PBXSourcesBuildPhase section */
		01C8B9102423AF3600C1504E /* Sources */ = {
			isa = PBXSourcesBuildPhase;
			buildActionMask = 2147483647;
			files = (
				01C8B9182423AF3600C1504E /* AppDelegate.swift in Sources */,
				01C8B91A2423AF3600C1504E /* SceneDelegate.swift in Sources */,
				01C8B91C2423AF3600C1504E /* ContentView.swift in Sources */,
			);
			runOnlyForDeploymentPostprocessing = 0;
		};
		01C8B9262423AF3700C1504E /* Sources */ = {
			isa = PBXSourcesBuildPhase;
			buildActionMask = 2147483647;
			files = (
				01C8B92F2423AF3700C1504E /* QRReaderTests.swift in Sources */,
			);
			runOnlyForDeploymentPostprocessing = 0;
		};
		01C8B9312423AF3700C1504E /* Sources */ = {
			isa = PBXSourcesBuildPhase;
			buildActionMask = 2147483647;
			files = (
				01C8B93A2423AF3700C1504E /* QRReaderUITests.swift in Sources */,
			);
			runOnlyForDeploymentPostprocessing = 0;
		};
/* End PBXSourcesBuildPhase section */

/* Begin PBXTargetDependency section */
		01C8B92C2423AF3700C1504E /* PBXTargetDependency */ = {
			isa = PBXTargetDependency;
			target = 01C8B9132423AF3600C1504E /* QRReader */;
			targetProxy = 01C8B92B2423AF3700C1504E /* PBXContainerItemProxy */;
		};
		01C8B9372423AF3700C1504E /* PBXTargetDependency */ = {
			isa = PBXTargetDependency;
			target = 01C8B9132423AF3600C1504E /* QRReader */;
			targetProxy = 01C8B9362423AF3700C1504E /* PBXContainerItemProxy */;
		};
/* End PBXTargetDependency section */

/* Begin PBXVariantGroup section */
		01C8B9222423AF3700C1504E /* LaunchScreen.storyboard */ = {
			isa = PBXVariantGroup;
			children = (
				01C8B9232423AF3700C1504E /* Base */,
			);
			name = LaunchScreen.storyboard;
			sourceTree = "<group>";
		};
/* End PBXVariantGroup section */

/* Begin XCBuildConfiguration section */
		01C8B93C2423AF3700C1504E /* Debug */ = {
			isa = XCBuildConfiguration;
			buildSettings = {
				ALWAYS_SEARCH_USER_PATHS = NO;
				CLANG_ANALYZER_NONNULL = YES;
				CLANG_ANALYZER_NUMBER_OBJECT_CONVERSION = YES_AGGRESSIVE;
				CLANG_CXX_LANGUAGE_STANDARD = "gnu++14";
				CLANG_CXX_LIBRARY = "libc++";
				CLANG_ENABLE_MODULES = YES;
				CLANG_ENABLE_OBJC_ARC = YES;
				CLANG_ENABLE_OBJC_WEAK = YES;
				CLANG_WARN_BLOCK_CAPTURE_AUTORELEASING = YES;
				CLANG_WARN_BOOL_CONVERSION = YES;
				CLANG_WARN_COMMA = YES;
				CLANG_WARN_CONSTANT_CONVERSION = YES;
				CLANG_WARN_DEPRECATED_OBJC_IMPLEMENTATIONS = YES;
				CLANG_WARN_DIRECT_OBJC_ISA_USAGE = YES_ERROR;
				CLANG_WARN_DOCUMENTATION_COMMENTS = YES;
				CLANG_WARN_EMPTY_BODY = YES;
				CLANG_WARN_ENUM_CONVERSION = YES;
				CLANG_WARN_INFINITE_RECURSION = YES;
				CLANG_WARN_INT_CONVERSION = YES;
				CLANG_WARN_NON_LITERAL_NULL_CONVERSION = YES;
				CLANG_WARN_OBJC_IMPLICIT_RETAIN_SELF = YES;
				CLANG_WARN_OBJC_LITERAL_CONVERSION = YES;
				CLANG_WARN_OBJC_ROOT_CLASS = YES_ERROR;
				CLANG_WARN_RANGE_LOOP_ANALYSIS = YES;
				CLANG_WARN_STRICT_PROTOTYPES = YES;
				CLANG_WARN_SUSPICIOUS_MOVE = YES;
				CLANG_WARN_UNGUARDED_AVAILABILITY = YES_AGGRESSIVE;
				CLANG_WARN_UNREACHABLE_CODE = YES;
				CLANG_WARN__DUPLICATE_METHOD_MATCH = YES;
				COPY_PHASE_STRIP = NO;
				DEBUG_INFORMATION_FORMAT = dwarf;
				ENABLE_STRICT_OBJC_MSGSEND = YES;
				ENABLE_TESTABILITY = YES;
				GCC_C_LANGUAGE_STANDARD = gnu11;
				GCC_DYNAMIC_NO_PIC = NO;
				GCC_NO_COMMON_BLOCKS = YES;
				GCC_OPTIMIZATION_LEVEL = 0;
				GCC_PREPROCESSOR_DEFINITIONS = (
					"DEBUG=1",
					"$(inherited)",
				);
				GCC_WARN_64_TO_32_BIT_CONVERSION = YES;
				GCC_WARN_ABOUT_RETURN_TYPE = YES_ERROR;
				GCC_WARN_UNDECLARED_SELECTOR = YES;
				GCC_WARN_UNINITIALIZED_AUTOS = YES_AGGRESSIVE;
				GCC_WARN_UNUSED_FUNCTION = YES;
				GCC_WARN_UNUSED_VARIABLE = YES;
				IPHONEOS_DEPLOYMENT_TARGET = 13.2;
				MTL_ENABLE_DEBUG_INFO = INCLUDE_SOURCE;
				MTL_FAST_MATH = YES;
				ONLY_ACTIVE_ARCH = YES;
				SDKROOT = iphoneos;
				SWIFT_ACTIVE_COMPILATION_CONDITIONS = DEBUG;
				SWIFT_OPTIMIZATION_LEVEL = "-Onone";
			};
			name = Debug;
		};
		01C8B93D2423AF3700C1504E /* Release */ = {
			isa = XCBuildConfiguration;
			buildSettings = {
				ALWAYS_SEARCH_USER_PATHS = NO;
				CLANG_ANALYZER_NONNULL = YES;
				CLANG_ANALYZER_NUMBER_OBJECT_CONVERSION = YES_AGGRESSIVE;
				CLANG_CXX_LANGUAGE_STANDARD = "gnu++14";
				CLANG_CXX_LIBRARY = "libc++";
				CLANG_ENABLE_MODULES = YES;
				CLANG_ENABLE_OBJC_ARC = YES;
				CLANG_ENABLE_OBJC_WEAK = YES;
				CLANG_WARN_BLOCK_CAPTURE_AUTORELEASING = YES;
				CLANG_WARN_BOOL_CONVERSION = YES;
				CLANG_WARN_COMMA = YES;
				CLANG_WARN_CONSTANT_CONVERSION = YES;
				CLANG_WARN_DEPRECATED_OBJC_IMPLEMENTATIONS = YES;
				CLANG_WARN_DIRECT_OBJC_ISA_USAGE = YES_ERROR;
				CLANG_WARN_DOCUMENTATION_COMMENTS = YES;
				CLANG_WARN_EMPTY_BODY = YES;
				CLANG_WARN_ENUM_CONVERSION = YES;
				CLANG_WARN_INFINITE_RECURSION = YES;
				CLANG_WARN_INT_CONVERSION = YES;
				CLANG_WARN_NON_LITERAL_NULL_CONVERSION = YES;
				CLANG_WARN_OBJC_IMPLICIT_RETAIN_SELF = YES;
				CLANG_WARN_OBJC_LITERAL_CONVERSION = YES;
				CLANG_WARN_OBJC_ROOT_CLASS = YES_ERROR;
				CLANG_WARN_RANGE_LOOP_ANALYSIS = YES;
				CLANG_WARN_STRICT_PROTOTYPES = YES;
				CLANG_WARN_SUSPICIOUS_MOVE = YES;
				CLANG_WARN_UNGUARDED_AVAILABILITY = YES_AGGRESSIVE;
				CLANG_WARN_UNREACHABLE_CODE = YES;
				CLANG_WARN__DUPLICATE_METHOD_MATCH = YES;
				COPY_PHASE_STRIP = NO;
				DEBUG_INFORMATION_FORMAT = "dwarf-with-dsym";
				ENABLE_NS_ASSERTIONS = NO;
				ENABLE_STRICT_OBJC_MSGSEND = YES;
				GCC_C_LANGUAGE_STANDARD = gnu11;
				GCC_NO_COMMON_BLOCKS = YES;
				GCC_WARN_64_TO_32_BIT_CONVERSION = YES;
				GCC_WARN_ABOUT_RETURN_TYPE = YES_ERROR;
				GCC_WARN_UNDECLARED_SELECTOR = YES;
				GCC_WARN_UNINITIALIZED_AUTOS = YES_AGGRESSIVE;
				GCC_WARN_UNUSED_FUNCTION = YES;
				GCC_WARN_UNUSED_VARIABLE = YES;
				IPHONEOS_DEPLOYMENT_TARGET = 13.2;
				MTL_ENABLE_DEBUG_INFO = NO;
				MTL_FAST_MATH = YES;
				SDKROOT = iphoneos;
				SWIFT_COMPILATION_MODE = wholemodule;
				SWIFT_OPTIMIZATION_LEVEL = "-O";
				VALIDATE_PRODUCT = YES;
			};
			name = Release;
		};
		01C8B93F2423AF3700C1504E /* Debug */ = {
			isa = XCBuildConfiguration;
			buildSettings = {
				ASSETCATALOG_COMPILER_APPICON_NAME = AppIcon;
				CODE_SIGN_STYLE = Automatic;
				DEVELOPMENT_ASSET_PATHS = "\"QRReader/Preview Content\"";
				DEVELOPMENT_TEAM = XP44KJ6JB3;
				ENABLE_PREVIEWS = YES;
				INFOPLIST_FILE = QRReader/Info.plist;
				LD_RUNPATH_SEARCH_PATHS = (
					"$(inherited)",
					"@executable_path/Frameworks",
				);
				PRODUCT_BUNDLE_IDENTIFIER = com.YooHansub.QRReader.QRReader;
				PRODUCT_NAME = "$(TARGET_NAME)";
				SWIFT_VERSION = 5.0;
				TARGETED_DEVICE_FAMILY = "1,2";
			};
			name = Debug;
		};
		01C8B9402423AF3700C1504E /* Release */ = {
			isa = XCBuildConfiguration;
			buildSettings = {
				ASSETCATALOG_COMPILER_APPICON_NAME = AppIcon;
				CODE_SIGN_STYLE = Automatic;
				DEVELOPMENT_ASSET_PATHS = "\"QRReader/Preview Content\"";
				DEVELOPMENT_TEAM = XP44KJ6JB3;
				ENABLE_PREVIEWS = YES;
				INFOPLIST_FILE = QRReader/Info.plist;
				LD_RUNPATH_SEARCH_PATHS = (
					"$(inherited)",
					"@executable_path/Frameworks",
				);
				PRODUCT_BUNDLE_IDENTIFIER = com.YooHansub.QRReader.QRReader;
				PRODUCT_NAME = "$(TARGET_NAME)";
				SWIFT_VERSION = 5.0;
				TARGETED_DEVICE_FAMILY = "1,2";
			};
			name = Release;
		};
		01C8B9422423AF3700C1504E /* Debug */ = {
			isa = XCBuildConfiguration;
			buildSettings = {
				ALWAYS_EMBED_SWIFT_STANDARD_LIBRARIES = YES;
				BUNDLE_LOADER = "$(TEST_HOST)";
				CODE_SIGN_STYLE = Automatic;
				DEVELOPMENT_TEAM = XP44KJ6JB3;
				INFOPLIST_FILE = QRReaderTests/Info.plist;
				IPHONEOS_DEPLOYMENT_TARGET = 13.2;
				LD_RUNPATH_SEARCH_PATHS = (
					"$(inherited)",
					"@executable_path/Frameworks",
					"@loader_path/Frameworks",
				);
				PRODUCT_BUNDLE_IDENTIFIER = com.YooHansub.QRReader.QRReaderTests;
				PRODUCT_NAME = "$(TARGET_NAME)";
				SWIFT_VERSION = 5.0;
				TARGETED_DEVICE_FAMILY = "1,2";
				TEST_HOST = "$(BUILT_PRODUCTS_DIR)/QRReader.app/QRReader";
			};
			name = Debug;
		};
		01C8B9432423AF3700C1504E /* Release */ = {
			isa = XCBuildConfiguration;
			buildSettings = {
				ALWAYS_EMBED_SWIFT_STANDARD_LIBRARIES = YES;
				BUNDLE_LOADER = "$(TEST_HOST)";
				CODE_SIGN_STYLE = Automatic;
				DEVELOPMENT_TEAM = XP44KJ6JB3;
				INFOPLIST_FILE = QRReaderTests/Info.plist;
				IPHONEOS_DEPLOYMENT_TARGET = 13.2;
				LD_RUNPATH_SEARCH_PATHS = (
					"$(inherited)",
					"@executable_path/Frameworks",
					"@loader_path/Frameworks",
				);
				PRODUCT_BUNDLE_IDENTIFIER = com.YooHansub.QRReader.QRReaderTests;
				PRODUCT_NAME = "$(TARGET_NAME)";
				SWIFT_VERSION = 5.0;
				TARGETED_DEVICE_FAMILY = "1,2";
				TEST_HOST = "$(BUILT_PRODUCTS_DIR)/QRReader.app/QRReader";
			};
			name = Release;
		};
		01C8B9452423AF3700C1504E /* Debug */ = {
			isa = XCBuildConfiguration;
			buildSettings = {
				ALWAYS_EMBED_SWIFT_STANDARD_LIBRARIES = YES;
				CODE_SIGN_STYLE = Automatic;
				DEVELOPMENT_TEAM = XP44KJ6JB3;
				INFOPLIST_FILE = QRReaderUITests/Info.plist;
				LD_RUNPATH_SEARCH_PATHS = (
					"$(inherited)",
					"@executable_path/Frameworks",
					"@loader_path/Frameworks",
				);
				PRODUCT_BUNDLE_IDENTIFIER = com.YooHansub.QRReader.QRReaderUITests;
				PRODUCT_NAME = "$(TARGET_NAME)";
				SWIFT_VERSION = 5.0;
				TARGETED_DEVICE_FAMILY = "1,2";
				TEST_TARGET_NAME = QRReader;
			};
			name = Debug;
		};
		01C8B9462423AF3700C1504E /* Release */ = {
			isa = XCBuildConfiguration;
			buildSettings = {
				ALWAYS_EMBED_SWIFT_STANDARD_LIBRARIES = YES;
				CODE_SIGN_STYLE = Automatic;
				DEVELOPMENT_TEAM = XP44KJ6JB3;
				INFOPLIST_FILE = QRReaderUITests/Info.plist;
				LD_RUNPATH_SEARCH_PATHS = (
					"$(inherited)",
					"@executable_path/Frameworks",
					"@loader_path/Frameworks",
				);
				PRODUCT_BUNDLE_IDENTIFIER = com.YooHansub.QRReader.QRReaderUITests;
				PRODUCT_NAME = "$(TARGET_NAME)";
				SWIFT_VERSION = 5.0;
				TARGETED_DEVICE_FAMILY = "1,2";
				TEST_TARGET_NAME = QRReader;
			};
			name = Release;
		};
/* End XCBuildConfiguration section */

/* Begin XCConfigurationList section */
		01C8B90F2423AF3500C1504E /* Build configuration list for PBXProject "QRReader" */ = {
			isa = XCConfigurationList;
			buildConfigurations = (
				01C8B93C2423AF3700C1504E /* Debug */,
				01C8B93D2423AF3700C1504E /* Release */,
			);
			defaultConfigurationIsVisible = 0;
			defaultConfigurationName = Release;
		};
		01C8B93E2423AF3700C1504E /* Build configuration list for PBXNativeTarget "QRReader" */ = {
			isa = XCConfigurationList;
			buildConfigurations = (
				01C8B93F2423AF3700C1504E /* Debug */,
				01C8B9402423AF3700C1504E /* Release */,
			);
			defaultConfigurationIsVisible = 0;
			defaultConfigurationName = Release;
		};
		01C8B9412423AF3700C1504E /* Build configuration list for PBXNativeTarget "QRReaderTests" */ = {
			isa = XCConfigurationList;
			buildConfigurations = (
				01C8B9422423AF3700C1504E /* Debug */,
				01C8B9432423AF3700C1504E /* Release */,
			);
			defaultConfigurationIsVisible = 0;
			defaultConfigurationName = Release;
		};
		01C8B9442423AF3700C1504E /* Build configuration list for PBXNativeTarget "QRReaderUITests" */ = {
			isa = XCConfigurationList;
			buildConfigurations = (
				01C8B9452423AF3700C1504E /* Debug */,
				01C8B9462423AF3700C1504E /* Release */,
			);
			defaultConfigurationIsVisible = 0;
			defaultConfigurationName = Release;
		};
/* End XCConfigurationList section */
	};
	rootObject = 01C8B90C2423AF3500C1504E /* Project object */;
}
